
Microsoft Visual Studio Solution File, Format Version 12.00
# Visual Studio 15
VisualStudioVersion = 15.0.26730.15
MinimumVisualStudioVersion = 10.0.40219.1
Project("{2150E333-8FDC-42A3-9474-1A3956D46DE8}") = "Build Task", "Build Task", "{F6541305-AE8C-4253-9E29-288D70803054}"
	ProjectSection(SolutionItems) = preProject
		runtask.ps1 = runtask.ps1
		vss-extension.json = vss-extension.json
	EndProjectSection
EndProject
Project("{2150E333-8FDC-42A3-9474-1A3956D46DE8}") = "buildtask", "buildtask", "{FF440179-88D7-47A5-AB7B-192D6F32CC70}"
	ProjectSection(SolutionItems) = preProject
		..\..\..\..\Desktop\BIOps\buildtask\task.json = ..\..\..\..\Desktop\BIOps\buildtask\task.json
	EndProjectSection
	ProjectSection(FolderGlobals) = preProject
		__JSONSchema = https://raw.githubusercontent.com/AArnott/vso-agent-tasks/9b41d803a/tasks.schema.json
	EndProjectSection
EndProject
Project("{2150E333-8FDC-42A3-9474-1A3956D46DE8}") = "sdk", "sdk", "{9BBA9479-FAAD-402C-827B-769CD042681C}"
EndProject
Project("{2150E333-8FDC-42A3-9474-1A3956D46DE8}") = "images", "images", "{25BD418B-7315-47D8-85FC-075F369167E6}"
	ProjectSection(SolutionItems) = preProject
		..\..\..\..\Downloads\powerbi.png = ..\..\..\..\Downloads\powerbi.png
	EndProjectSection
EndProject
Global
	GlobalSection(SolutionProperties) = preSolution
		HideSolutionNode = FALSE
	EndGlobalSection
	GlobalSection(NestedProjects) = preSolution
		{FF440179-88D7-47A5-AB7B-192D6F32CC70} = {F6541305-AE8C-4253-9E29-288D70803054}
		{9BBA9479-FAAD-402C-827B-769CD042681C} = {F6541305-AE8C-4253-9E29-288D70803054}
		{25BD418B-7315-47D8-85FC-075F369167E6} = {F6541305-AE8C-4253-9E29-288D70803054}
	EndGlobalSection
	GlobalSection(ExtensibilityGlobals) = postSolution
		SolutionGuid = {DC25A4D2-84AC-4650-9EEF-F3E366ACA6D4}
	EndGlobalSection
EndGlobal
